# generated by rye
# use `rye lock` or `rye sync` to update this lockfile
#
# last locked with the following flags:
#   pre: false
#   features: []
#   all-features: false
#   with-sources: false
#   generate-hashes: false

-e file:.
anyio==4.4.0
    # via httpx
    # via starlette
    # via watchfiles
beautifulsoup4==4.12.3
    # via python-fasthtml
cachetools==5.3.3
    # via tox
certifi==2024.7.4
    # via httpcore
    # via httpx
chardet==5.2.0
    # via tox
click==8.1.7
    # via uvicorn
colorama==0.4.6
    # via tox
distlib==0.3.8
    # via virtualenv
fastcore==1.6.3
    # via fastlite
    # via python-fasthtml
    # via sqlite-minutils
fastlite==0.0.7
    # via python-fasthtml
filelock==3.15.4
    # via tox
    # via virtualenv
h11==0.14.0
    # via httpcore
    # via uvicorn
httpcore==1.0.5
    # via httpx
httptools==0.6.1
    # via uvicorn
httpx==0.27.0
    # via python-fasthtml
idna==3.7
    # via anyio
    # via httpx
iniconfig==2.0.0
    # via pytest
itsdangerous==2.2.0
    # via python-fasthtml
jinja2==3.1.4
    # via air
markdown==3.6
    # via air
markupsafe==2.1.5
    # via jinja2
oauthlib==3.2.2
    # via python-fasthtml
packaging==24.1
    # via fastcore
    # via pyproject-api
    # via pytest
    # via tox
platformdirs==4.2.2
    # via tox
    # via virtualenv
pluggy==1.5.0
    # via pytest
    # via tox
pyproject-api==1.7.1
    # via tox
pytest==8.2.2
    # via air
python-dateutil==2.9.0.post0
    # via python-fasthtml
python-dotenv==1.0.1
    # via uvicorn
python-fasthtml==0.2.4
    # via air
python-multipart==0.0.9
    # via python-fasthtml
pyyaml==6.0.1
    # via uvicorn
six==1.16.0
    # via python-dateutil
sniffio==1.3.1
    # via anyio
    # via httpx
soupsieve==2.5
    # via beautifulsoup4
sqlite-minutils==3.36.0.post4
    # via fastlite
starlette==0.38.2
    # via python-fasthtml
tox==4.16.0
    # via air
uvicorn==0.30.5
    # via python-fasthtml
uvloop==0.19.0
    # via uvicorn
virtualenv==20.26.3
    # via tox
watchfiles==0.22.0
    # via uvicorn
websockets==12.0
    # via uvicorn
